
Microsoft Visual Studio Solution File, Format Version 12.00
# Visual Studio Version 16
VisualStudioVersion = 16.0.30608.117
MinimumVisualStudioVersion = 10.0.40219.1
Project("{2150E333-8FDC-42A3-9474-1A3956D46DE8}") = "Microservices", "Microservices", "{7BBF3E2B-CE40-42B0-983A-21F48EB4DC89}"
EndProject
Project("{2150E333-8FDC-42A3-9474-1A3956D46DE8}") = "Core", "Core", "{3E50E7FC-A034-4BBA-86D3-E2F6D5971320}"
EndProject
Project("{9A19103F-16F7-4668-BE54-9A1E7A4F7556}") = "Fanda.Core", "..\Fanda.Core\Fanda.Core\Fanda.Core.csproj", "{D56E85C0-E9DB-4F1E-9726-AB994785ED1D}"
EndProject
Project("{9A19103F-16F7-4668-BE54-9A1E7A4F7556}") = "Fanda.Auth", "..\Fanda.Auth\Fanda.Auth\Fanda.Auth.csproj", "{3E14C709-605E-440F-A407-6C6B470F443F}"
EndProject
Project("{2150E333-8FDC-42A3-9474-1A3956D46DE8}") = "AuthenticationService", "AuthenticationService", "{FD4808E0-0357-456A-A93A-27CF1DE69F9A}"
EndProject
Project("{9A19103F-16F7-4668-BE54-9A1E7A4F7556}") = "FandaAuth.Domain", "..\Fanda.Auth\FandaAuth.Domain\FandaAuth.Domain.csproj", "{39461918-419D-44B8-8A13-9B29A8A0CFC1}"
EndProject
Project("{9A19103F-16F7-4668-BE54-9A1E7A4F7556}") = "FandaAuth.Service", "..\Fanda.Auth\FandaAuth.Service\FandaAuth.Service.csproj", "{081FABDB-6A8C-44E5-81FD-608A5F15F37B}"
EndProject
Project("{2150E333-8FDC-42A3-9474-1A3956D46DE8}") = "AccountingService", "AccountingService", "{A3ACAB5B-06A9-43C8-ACA3-A22B3DEE245B}"
EndProject
Project("{9A19103F-16F7-4668-BE54-9A1E7A4F7556}") = "Fanda.Domain", "..\Fanda\Fanda.Domain\Fanda.Domain.csproj", "{7471FF36-2100-401B-85D9-E13A0121EB30}"
EndProject
Project("{9A19103F-16F7-4668-BE54-9A1E7A4F7556}") = "Fanda.Service", "..\Fanda\Fanda.Service\Fanda.Service.csproj", "{A1703FDE-37AA-4790-875A-D107B2994D2E}"
EndProject
Project("{9A19103F-16F7-4668-BE54-9A1E7A4F7556}") = "Fanda.Web", "..\Fanda\Fanda.Web\Fanda.Web.csproj", "{6ED6449E-996B-4EA9-BAAB-D2D183ADE71B}"
EndProject
Global
	GlobalSection(SolutionConfigurationPlatforms) = preSolution
		Debug|Any CPU = Debug|Any CPU
		Release|Any CPU = Release|Any CPU
	EndGlobalSection
	GlobalSection(ProjectConfigurationPlatforms) = postSolution
		{D56E85C0-E9DB-4F1E-9726-AB994785ED1D}.Debug|Any CPU.ActiveCfg = Debug|Any CPU
		{D56E85C0-E9DB-4F1E-9726-AB994785ED1D}.Debug|Any CPU.Build.0 = Debug|Any CPU
		{D56E85C0-E9DB-4F1E-9726-AB994785ED1D}.Release|Any CPU.ActiveCfg = Release|Any CPU
		{D56E85C0-E9DB-4F1E-9726-AB994785ED1D}.Release|Any CPU.Build.0 = Release|Any CPU
		{3E14C709-605E-440F-A407-6C6B470F443F}.Debug|Any CPU.ActiveCfg = Debug|Any CPU
		{3E14C709-605E-440F-A407-6C6B470F443F}.Debug|Any CPU.Build.0 = Debug|Any CPU
		{3E14C709-605E-440F-A407-6C6B470F443F}.Release|Any CPU.ActiveCfg = Release|Any CPU
		{3E14C709-605E-440F-A407-6C6B470F443F}.Release|Any CPU.Build.0 = Release|Any CPU
		{39461918-419D-44B8-8A13-9B29A8A0CFC1}.Debug|Any CPU.ActiveCfg = Debug|Any CPU
		{39461918-419D-44B8-8A13-9B29A8A0CFC1}.Debug|Any CPU.Build.0 = Debug|Any CPU
		{39461918-419D-44B8-8A13-9B29A8A0CFC1}.Release|Any CPU.ActiveCfg = Release|Any CPU
		{39461918-419D-44B8-8A13-9B29A8A0CFC1}.Release|Any CPU.Build.0 = Release|Any CPU
		{081FABDB-6A8C-44E5-81FD-608A5F15F37B}.Debug|Any CPU.ActiveCfg = Debug|Any CPU
		{081FABDB-6A8C-44E5-81FD-608A5F15F37B}.Debug|Any CPU.Build.0 = Debug|Any CPU
		{081FABDB-6A8C-44E5-81FD-608A5F15F37B}.Release|Any CPU.ActiveCfg = Release|Any CPU
		{081FABDB-6A8C-44E5-81FD-608A5F15F37B}.Release|Any CPU.Build.0 = Release|Any CPU
		{7471FF36-2100-401B-85D9-E13A0121EB30}.Debug|Any CPU.ActiveCfg = Debug|Any CPU
		{7471FF36-2100-401B-85D9-E13A0121EB30}.Debug|Any CPU.Build.0 = Debug|Any CPU
		{7471FF36-2100-401B-85D9-E13A0121EB30}.Release|Any CPU.ActiveCfg = Release|Any CPU
		{7471FF36-2100-401B-85D9-E13A0121EB30}.Release|Any CPU.Build.0 = Release|Any CPU
		{A1703FDE-37AA-4790-875A-D107B2994D2E}.Debug|Any CPU.ActiveCfg = Debug|Any CPU
		{A1703FDE-37AA-4790-875A-D107B2994D2E}.Debug|Any CPU.Build.0 = Debug|Any CPU
		{A1703FDE-37AA-4790-875A-D107B2994D2E}.Release|Any CPU.ActiveCfg = Release|Any CPU
		{A1703FDE-37AA-4790-875A-D107B2994D2E}.Release|Any CPU.Build.0 = Release|Any CPU
		{6ED6449E-996B-4EA9-BAAB-D2D183ADE71B}.Debug|Any CPU.ActiveCfg = Debug|Any CPU
		{6ED6449E-996B-4EA9-BAAB-D2D183ADE71B}.Debug|Any CPU.Build.0 = Debug|Any CPU
		{6ED6449E-996B-4EA9-BAAB-D2D183ADE71B}.Release|Any CPU.ActiveCfg = Release|Any CPU
		{6ED6449E-996B-4EA9-BAAB-D2D183ADE71B}.Release|Any CPU.Build.0 = Release|Any CPU
	EndGlobalSection
	GlobalSection(SolutionProperties) = preSolution
		HideSolutionNode = FALSE
	EndGlobalSection
	GlobalSection(NestedProjects) = preSolution
		{D56E85C0-E9DB-4F1E-9726-AB994785ED1D} = {3E50E7FC-A034-4BBA-86D3-E2F6D5971320}
		{3E14C709-605E-440F-A407-6C6B470F443F} = {FD4808E0-0357-456A-A93A-27CF1DE69F9A}
		{FD4808E0-0357-456A-A93A-27CF1DE69F9A} = {7BBF3E2B-CE40-42B0-983A-21F48EB4DC89}
		{39461918-419D-44B8-8A13-9B29A8A0CFC1} = {FD4808E0-0357-456A-A93A-27CF1DE69F9A}
		{081FABDB-6A8C-44E5-81FD-608A5F15F37B} = {FD4808E0-0357-456A-A93A-27CF1DE69F9A}
		{A3ACAB5B-06A9-43C8-ACA3-A22B3DEE245B} = {7BBF3E2B-CE40-42B0-983A-21F48EB4DC89}
		{7471FF36-2100-401B-85D9-E13A0121EB30} = {A3ACAB5B-06A9-43C8-ACA3-A22B3DEE245B}
		{A1703FDE-37AA-4790-875A-D107B2994D2E} = {A3ACAB5B-06A9-43C8-ACA3-A22B3DEE245B}
		{6ED6449E-996B-4EA9-BAAB-D2D183ADE71B} = {A3ACAB5B-06A9-43C8-ACA3-A22B3DEE245B}
	EndGlobalSection
	GlobalSection(ExtensibilityGlobals) = postSolution
		SolutionGuid = {C00DED28-6141-4F7A-802D-7918347DFCE2}
	EndGlobalSection
EndGlobal
